
Microsoft Visual Studio Solution File, Format Version 12.00
# Visual Studio Version 17
VisualStudioVersion = 17.3.32825.248
MinimumVisualStudioVersion = 10.0.40219.1
Project("{9A19103F-16F7-4668-BE54-9A1E7A4F7556}") = "MultiprocessLauncher", "MultiprocessLauncher.csproj", "{DD175043-B14F-436A-AE3A-171AA803506C}"
EndProject
Global
	GlobalSection(SolutionConfigurationPlatforms) = preSolution
		Debug|Any CPU = Debug|Any CPU
		Release|Any CPU = Release|Any CPU
	EndGlobalSection
	GlobalSection(ProjectConfigurationPlatforms) = postSolution
		{DD175043-B14F-436A-AE3A-171AA803506C}.Debug|Any CPU.ActiveCfg = Debug|Any CPU
		{DD175043-B14F-436A-AE3A-171AA803506C}.Debug|Any CPU.Build.0 = Debug|Any CPU
		{DD175043-B14F-436A-AE3A-171AA803506C}.Release|Any CPU.ActiveCfg = Release|Any CPU
		{DD175043-B14F-436A-AE3A-171AA803506C}.Release|Any CPU.Build.0 = Release|Any CPU
	EndGlobalSection
	GlobalSection(SolutionProperties) = preSolution
		HideSolutionNode = FALSE
	EndGlobalSection
	GlobalSection(ExtensibilityGlobals) = postSolution
		SolutionGuid = {2DEEB07B-F233-4FF3-9EB6-63B5CAD6C490}
	EndGlobalSection
EndGlobal
